
Microsoft Visual Studio Solution File, Format Version 12.00
# Visual Studio Version 17
VisualStudioVersion = 17.1.32414.318
MinimumVisualStudioVersion = 10.0.40219.1
Project("{FAE04EC0-301F-11D3-BF4B-00C04F79EFBC}") = "SoundListMx", "SoundListMx\SoundListMx.csproj", "{B293FC9E-0B1B-40E8-9041-04A03A009AB3}"
EndProject
Global
	GlobalSection(SolutionConfigurationPlatforms) = preSolution
		Debug|Any CPU = Debug|Any CPU
		Release|Any CPU = Release|Any CPU
	EndGlobalSection
	GlobalSection(ProjectConfigurationPlatforms) = postSolution
		{B293FC9E-0B1B-40E8-9041-04A03A009AB3}.Debug|Any CPU.ActiveCfg = Debug|Any CPU
		{B293FC9E-0B1B-40E8-9041-04A03A009AB3}.Debug|Any CPU.Build.0 = Debug|Any CPU
		{B293FC9E-0B1B-40E8-9041-04A03A009AB3}.Release|Any CPU.ActiveCfg = Release|Any CPU
		{B293FC9E-0B1B-40E8-9041-04A03A009AB3}.Release|Any CPU.Build.0 = Release|Any CPU
	EndGlobalSection
	GlobalSection(SolutionProperties) = preSolution
		HideSolutionNode = FALSE
	EndGlobalSection
	GlobalSection(ExtensibilityGlobals) = postSolution
		SolutionGuid = {6C34FC9A-C38B-41B2-877A-D057CD8E648B}
	EndGlobalSection
EndGlobal
